
Microsoft Visual Studio Solution File, Format Version 12.00
# Visual Studio 15
VisualStudioVersion = 15.0.28307.421
MinimumVisualStudioVersion = 10.0.40219.1
Project("{FAE04EC0-301F-11D3-BF4B-00C04F79EFBC}") = "ConsoleAppTestProjesiSil", "ConsoleAppTestProjesiSil.csproj", "{AF78ABCE-9E24-43B1-8734-CC266F1ADA41}"
EndProject
Global
	GlobalSection(SolutionConfigurationPlatforms) = preSolution
		Debug|Any CPU = Debug|Any CPU
		Release|Any CPU = Release|Any CPU
	EndGlobalSection
	GlobalSection(ProjectConfigurationPlatforms) = postSolution
		{AF78ABCE-9E24-43B1-8734-CC266F1ADA41}.Debug|Any CPU.ActiveCfg = Debug|Any CPU
		{AF78ABCE-9E24-43B1-8734-CC266F1ADA41}.Debug|Any CPU.Build.0 = Debug|Any CPU
		{AF78ABCE-9E24-43B1-8734-CC266F1ADA41}.Release|Any CPU.ActiveCfg = Release|Any CPU
		{AF78ABCE-9E24-43B1-8734-CC266F1ADA41}.Release|Any CPU.Build.0 = Release|Any CPU
	EndGlobalSection
	GlobalSection(SolutionProperties) = preSolution
		HideSolutionNode = FALSE
	EndGlobalSection
	GlobalSection(ExtensibilityGlobals) = postSolution
		SolutionGuid = {D486573E-7C0C-4BA4-9658-F23E2ACC17B4}
	EndGlobalSection
EndGlobal
